
Microsoft Visual Studio Solution File, Format Version 12.00
# Visual Studio Version 16
VisualStudioVersion = 16.0.29728.190
MinimumVisualStudioVersion = 10.0.40219.1
Project("{FAE04EC0-301F-11D3-BF4B-00C04F79EFBC}") = "PgadService", "PgadService.csproj", "{6C6559C4-46EE-4EB3-A111-DA7FD52EEF14}"
EndProject
Project("{FAE04EC0-301F-11D3-BF4B-00C04F79EFBC}") = "PgadCommunication", "..\PgadCommunication\PgadCommunication\PgadCommunication.csproj", "{99AE1F7D-BFC7-49A4-9262-738ED0DF47BB}"
EndProject
Project("{FAE04EC0-301F-11D3-BF4B-00C04F79EFBC}") = "PgadServiceLibrary", "..\PGADServiceLibrary\PgadServiceLibrary.csproj", "{66E0C482-BC74-4DE5-83E2-9B194EB4E541}"
EndProject
Project("{9A19103F-16F7-4668-BE54-9A1E7A4F7556}") = "PgadData", "..\PgadData\PgadData.csproj", "{3569D9BB-2956-441B-BD12-C559313532A3}"
EndProject
Project("{9A19103F-16F7-4668-BE54-9A1E7A4F7556}") = "PgadCommon", "..\PgadCommon\PgadCommon.csproj", "{5D586203-62E0-4B67-99E1-B8D7192CACF4}"
EndProject
Global
	GlobalSection(SolutionConfigurationPlatforms) = preSolution
		Debug|Any CPU = Debug|Any CPU
		Release|Any CPU = Release|Any CPU
	EndGlobalSection
	GlobalSection(ProjectConfigurationPlatforms) = postSolution
		{6C6559C4-46EE-4EB3-A111-DA7FD52EEF14}.Debug|Any CPU.ActiveCfg = Debug|Any CPU
		{6C6559C4-46EE-4EB3-A111-DA7FD52EEF14}.Debug|Any CPU.Build.0 = Debug|Any CPU
		{6C6559C4-46EE-4EB3-A111-DA7FD52EEF14}.Release|Any CPU.ActiveCfg = Release|Any CPU
		{6C6559C4-46EE-4EB3-A111-DA7FD52EEF14}.Release|Any CPU.Build.0 = Release|Any CPU
		{99AE1F7D-BFC7-49A4-9262-738ED0DF47BB}.Debug|Any CPU.ActiveCfg = Debug|Any CPU
		{99AE1F7D-BFC7-49A4-9262-738ED0DF47BB}.Debug|Any CPU.Build.0 = Debug|Any CPU
		{99AE1F7D-BFC7-49A4-9262-738ED0DF47BB}.Release|Any CPU.ActiveCfg = Release|Any CPU
		{99AE1F7D-BFC7-49A4-9262-738ED0DF47BB}.Release|Any CPU.Build.0 = Release|Any CPU
		{66E0C482-BC74-4DE5-83E2-9B194EB4E541}.Debug|Any CPU.ActiveCfg = Debug|Any CPU
		{66E0C482-BC74-4DE5-83E2-9B194EB4E541}.Debug|Any CPU.Build.0 = Debug|Any CPU
		{66E0C482-BC74-4DE5-83E2-9B194EB4E541}.Release|Any CPU.ActiveCfg = Release|Any CPU
		{66E0C482-BC74-4DE5-83E2-9B194EB4E541}.Release|Any CPU.Build.0 = Release|Any CPU
		{3569D9BB-2956-441B-BD12-C559313532A3}.Debug|Any CPU.ActiveCfg = Debug|Any CPU
		{3569D9BB-2956-441B-BD12-C559313532A3}.Debug|Any CPU.Build.0 = Debug|Any CPU
		{3569D9BB-2956-441B-BD12-C559313532A3}.Release|Any CPU.ActiveCfg = Release|Any CPU
		{3569D9BB-2956-441B-BD12-C559313532A3}.Release|Any CPU.Build.0 = Release|Any CPU
		{5D586203-62E0-4B67-99E1-B8D7192CACF4}.Debug|Any CPU.ActiveCfg = Debug|Any CPU
		{5D586203-62E0-4B67-99E1-B8D7192CACF4}.Debug|Any CPU.Build.0 = Debug|Any CPU
		{5D586203-62E0-4B67-99E1-B8D7192CACF4}.Release|Any CPU.ActiveCfg = Release|Any CPU
		{5D586203-62E0-4B67-99E1-B8D7192CACF4}.Release|Any CPU.Build.0 = Release|Any CPU
	EndGlobalSection
	GlobalSection(SolutionProperties) = preSolution
		HideSolutionNode = FALSE
	EndGlobalSection
	GlobalSection(ExtensibilityGlobals) = postSolution
		SolutionGuid = {F32EB598-5F37-4BD3-AF1C-B3DF8BD94BF6}
	EndGlobalSection
EndGlobal
